
Microsoft Visual Studio Solution File, Format Version 12.00
# Visual Studio Version 17
VisualStudioVersion = 17.2.32505.173
MinimumVisualStudioVersion = 10.0.40219.1
Project("{8BC9CEB8-8B4A-11D0-8D11-00A0C91BC942}") = "KMS-PLC-A", "KMS-PLC-A\KMS-PLC-A.vcxproj", "{8289A214-A18C-469D-9ED2-507AFF4C72AF}"
EndProject
Project("{8BC9CEB8-8B4A-11D0-8D11-00A0C91BC942}") = "KMS-PLC", "KMS-PLC\KMS-PLC.vcxproj", "{6C3FEFB4-D8DD-4B43-ABC0-7D26AC933A3A}"
	ProjectSection(ProjectDependencies) = postProject
		{8289A214-A18C-469D-9ED2-507AFF4C72AF} = {8289A214-A18C-469D-9ED2-507AFF4C72AF}
	EndProjectSection
EndProject
Project("{54435603-DBB4-11D2-8724-00A0C9A8B90C}") = "KMS-PLC-Setup", "KMS-PLC-Setup\KMS-PLC-Setup.vdproj", "{E6B418B5-75E1-4B90-9B6A-FE5B3FA5C4A4}"
EndProject
Project("{8BC9CEB8-8B4A-11D0-8D11-00A0C91BC942}") = "KMS-PLC-A-Test", "KMS-PLC-A-Test\KMS-PLC-A-Test.vcxproj", "{5EE8BFFA-96A8-499B-9D8B-1A275B80C7E9}"
	ProjectSection(ProjectDependencies) = postProject
		{8289A214-A18C-469D-9ED2-507AFF4C72AF} = {8289A214-A18C-469D-9ED2-507AFF4C72AF}
	EndProjectSection
EndProject
Global
	GlobalSection(SolutionConfigurationPlatforms) = preSolution
		Debug|x64 = Debug|x64
		Debug|x86 = Debug|x86
		Release_Static|x64 = Release_Static|x64
		Release_Static|x86 = Release_Static|x86
		Release|x64 = Release|x64
		Release|x86 = Release|x86
	EndGlobalSection
	GlobalSection(ProjectConfigurationPlatforms) = postSolution
		{8289A214-A18C-469D-9ED2-507AFF4C72AF}.Debug|x64.ActiveCfg = Debug|x64
		{8289A214-A18C-469D-9ED2-507AFF4C72AF}.Debug|x64.Build.0 = Debug|x64
		{8289A214-A18C-469D-9ED2-507AFF4C72AF}.Debug|x86.ActiveCfg = Debug|Win32
		{8289A214-A18C-469D-9ED2-507AFF4C72AF}.Debug|x86.Build.0 = Debug|Win32
		{8289A214-A18C-469D-9ED2-507AFF4C72AF}.Release_Static|x64.ActiveCfg = Release_Static|x64
		{8289A214-A18C-469D-9ED2-507AFF4C72AF}.Release_Static|x64.Build.0 = Release_Static|x64
		{8289A214-A18C-469D-9ED2-507AFF4C72AF}.Release_Static|x86.ActiveCfg = Release_Static|Win32
		{8289A214-A18C-469D-9ED2-507AFF4C72AF}.Release_Static|x86.Build.0 = Release_Static|Win32
		{8289A214-A18C-469D-9ED2-507AFF4C72AF}.Release|x64.ActiveCfg = Release|x64
		{8289A214-A18C-469D-9ED2-507AFF4C72AF}.Release|x64.Build.0 = Release|x64
		{8289A214-A18C-469D-9ED2-507AFF4C72AF}.Release|x86.ActiveCfg = Release|Win32
		{8289A214-A18C-469D-9ED2-507AFF4C72AF}.Release|x86.Build.0 = Release|Win32
		{6C3FEFB4-D8DD-4B43-ABC0-7D26AC933A3A}.Debug|x64.ActiveCfg = Debug|x64
		{6C3FEFB4-D8DD-4B43-ABC0-7D26AC933A3A}.Debug|x64.Build.0 = Debug|x64
		{6C3FEFB4-D8DD-4B43-ABC0-7D26AC933A3A}.Debug|x86.ActiveCfg = Debug|Win32
		{6C3FEFB4-D8DD-4B43-ABC0-7D26AC933A3A}.Debug|x86.Build.0 = Debug|Win32
		{6C3FEFB4-D8DD-4B43-ABC0-7D26AC933A3A}.Release_Static|x64.ActiveCfg = Release_Static|x64
		{6C3FEFB4-D8DD-4B43-ABC0-7D26AC933A3A}.Release_Static|x64.Build.0 = Release_Static|x64
		{6C3FEFB4-D8DD-4B43-ABC0-7D26AC933A3A}.Release_Static|x86.ActiveCfg = Release_Static|Win32
		{6C3FEFB4-D8DD-4B43-ABC0-7D26AC933A3A}.Release_Static|x86.Build.0 = Release_Static|Win32
		{6C3FEFB4-D8DD-4B43-ABC0-7D26AC933A3A}.Release|x64.ActiveCfg = Release|x64
		{6C3FEFB4-D8DD-4B43-ABC0-7D26AC933A3A}.Release|x64.Build.0 = Release|x64
		{6C3FEFB4-D8DD-4B43-ABC0-7D26AC933A3A}.Release|x86.ActiveCfg = Release|Win32
		{6C3FEFB4-D8DD-4B43-ABC0-7D26AC933A3A}.Release|x86.Build.0 = Release|Win32
		{E6B418B5-75E1-4B90-9B6A-FE5B3FA5C4A4}.Debug|x64.ActiveCfg = Debug
		{E6B418B5-75E1-4B90-9B6A-FE5B3FA5C4A4}.Debug|x86.ActiveCfg = Debug
		{E6B418B5-75E1-4B90-9B6A-FE5B3FA5C4A4}.Release_Static|x64.ActiveCfg = Release
		{E6B418B5-75E1-4B90-9B6A-FE5B3FA5C4A4}.Release_Static|x64.Build.0 = Release
		{E6B418B5-75E1-4B90-9B6A-FE5B3FA5C4A4}.Release_Static|x86.ActiveCfg = Release
		{E6B418B5-75E1-4B90-9B6A-FE5B3FA5C4A4}.Release|x64.ActiveCfg = Release
		{E6B418B5-75E1-4B90-9B6A-FE5B3FA5C4A4}.Release|x86.ActiveCfg = Release
		{5EE8BFFA-96A8-499B-9D8B-1A275B80C7E9}.Debug|x64.ActiveCfg = Debug|x64
		{5EE8BFFA-96A8-499B-9D8B-1A275B80C7E9}.Debug|x64.Build.0 = Debug|x64
		{5EE8BFFA-96A8-499B-9D8B-1A275B80C7E9}.Debug|x86.ActiveCfg = Debug|Win32
		{5EE8BFFA-96A8-499B-9D8B-1A275B80C7E9}.Debug|x86.Build.0 = Debug|Win32
		{5EE8BFFA-96A8-499B-9D8B-1A275B80C7E9}.Release_Static|x64.ActiveCfg = Release_Static|x64
		{5EE8BFFA-96A8-499B-9D8B-1A275B80C7E9}.Release_Static|x64.Build.0 = Release_Static|x64
		{5EE8BFFA-96A8-499B-9D8B-1A275B80C7E9}.Release_Static|x86.ActiveCfg = Release|Win32
		{5EE8BFFA-96A8-499B-9D8B-1A275B80C7E9}.Release_Static|x86.Build.0 = Release|Win32
		{5EE8BFFA-96A8-499B-9D8B-1A275B80C7E9}.Release|x64.ActiveCfg = Release|x64
		{5EE8BFFA-96A8-499B-9D8B-1A275B80C7E9}.Release|x64.Build.0 = Release|x64
		{5EE8BFFA-96A8-499B-9D8B-1A275B80C7E9}.Release|x86.ActiveCfg = Release|Win32
		{5EE8BFFA-96A8-499B-9D8B-1A275B80C7E9}.Release|x86.Build.0 = Release|Win32
	EndGlobalSection
	GlobalSection(SolutionProperties) = preSolution
		HideSolutionNode = FALSE
	EndGlobalSection
	GlobalSection(ExtensibilityGlobals) = postSolution
		SolutionGuid = {4D91B790-03F2-4F18-A87A-9995BA7C2EFF}
	EndGlobalSection
EndGlobal
