
Microsoft Visual Studio Solution File, Format Version 12.00
# Visual Studio Version 17
VisualStudioVersion = 17.2.32505.173
MinimumVisualStudioVersion = 10.0.40219.1
Project("{8BC9CEB8-8B4A-11D0-8D11-00A0C91BC942}") = "KMS-PLC-A", "KMS-PLC-A\KMS-PLC-A.vcxproj", "{8289A214-A18C-469D-9ED2-507AFF4C72AF}"
EndProject
Project("{8BC9CEB8-8B4A-11D0-8D11-00A0C91BC942}") = "KMS-PLC", "KMS-PLC\KMS-PLC.vcxproj", "{6C3FEFB4-D8DD-4B43-ABC0-7D26AC933A3A}"
	ProjectSection(ProjectDependencies) = postProject
		{8289A214-A18C-469D-9ED2-507AFF4C72AF} = {8289A214-A18C-469D-9ED2-507AFF4C72AF}
	EndProjectSection
EndProject
Project("{8BC9CEB8-8B4A-11D0-8D11-00A0C91BC942}") = "KMS-PLC-A-Test", "KMS-PLC-A-Test\KMS-PLC-A-Test.vcxproj", "{5EE8BFFA-96A8-499B-9D8B-1A275B80C7E9}"
	ProjectSection(ProjectDependencies) = postProject
		{8289A214-A18C-469D-9ED2-507AFF4C72AF} = {8289A214-A18C-469D-9ED2-507AFF4C72AF}
	EndProjectSection
EndProject
Project("{8BC9CEB8-8B4A-11D0-8D11-00A0C91BC942}") = "EBPro_Convert_Label", "EBPro_Convert_Label\EBPro_Convert_Label.vcxproj", "{05203E73-9BF1-45EE-A4B7-F1778701EC0F}"
	ProjectSection(ProjectDependencies) = postProject
		{3247F335-C13E-4C3B-ADE3-9972F31BE9CF} = {3247F335-C13E-4C3B-ADE3-9972F31BE9CF}
		{8289A214-A18C-469D-9ED2-507AFF4C72AF} = {8289A214-A18C-469D-9ED2-507AFF4C72AF}
		{8822A70C-273A-4BAF-97A0-D5F9F4722A9B} = {8822A70C-273A-4BAF-97A0-D5F9F4722A9B}
	EndProjectSection
EndProject
Project("{8BC9CEB8-8B4A-11D0-8D11-00A0C91BC942}") = "EBPro_Build_Label", "EBPro_Build_Label\EBPro_Build_Label.vcxproj", "{2E15E37A-02A7-47CB-8450-A42B57E0ECFD}"
	ProjectSection(ProjectDependencies) = postProject
		{3247F335-C13E-4C3B-ADE3-9972F31BE9CF} = {3247F335-C13E-4C3B-ADE3-9972F31BE9CF}
		{8822A70C-273A-4BAF-97A0-D5F9F4722A9B} = {8822A70C-273A-4BAF-97A0-D5F9F4722A9B}
	EndProjectSection
EndProject
Project("{8BC9CEB8-8B4A-11D0-8D11-00A0C91BC942}") = "EBPro_Convert_Address", "EBPro_Convert_Address\EBPro_Convert_Address.vcxproj", "{FFB6BF71-1191-467B-8719-812818A083C2}"
EndProject
Project("{8BC9CEB8-8B4A-11D0-8D11-00A0C91BC942}") = "EBPro_Build_Address", "EBPro_Build_Address\EBPro_Build_Address.vcxproj", "{CC6CF5CD-B7F1-48F4-986C-C7FBA6DD8698}"
EndProject
Project("{8BC9CEB8-8B4A-11D0-8D11-00A0C91BC942}") = "TriLogi_Convert", "TriLogi_Convert\TriLogi_Convert.vcxproj", "{FF9B3EEB-8DD2-4754-8437-A16DA898D43C}"
EndProject
Project("{8BC9CEB8-8B4A-11D0-8D11-00A0C91BC942}") = "TriLogi_Build", "TriLogi_Build\TriLogi_Build.vcxproj", "{B661C73B-41E7-476F-B446-4712B9102058}"
EndProject
Project("{8BC9CEB8-8B4A-11D0-8D11-00A0C91BC942}") = "EBPro", "EBPro\EBPro.vcxproj", "{8822A70C-273A-4BAF-97A0-D5F9F4722A9B}"
EndProject
Project("{8BC9CEB8-8B4A-11D0-8D11-00A0C91BC942}") = "HMI", "HMI\HMI.vcxproj", "{3247F335-C13E-4C3B-ADE3-9972F31BE9CF}"
EndProject
Global
	GlobalSection(SolutionConfigurationPlatforms) = preSolution
		Debug|x64 = Debug|x64
		Debug|x86 = Debug|x86
		Release_Static|x64 = Release_Static|x64
		Release_Static|x86 = Release_Static|x86
		Release|x64 = Release|x64
		Release|x86 = Release|x86
	EndGlobalSection
	GlobalSection(ProjectConfigurationPlatforms) = postSolution
		{8289A214-A18C-469D-9ED2-507AFF4C72AF}.Debug|x64.ActiveCfg = Debug|x64
		{8289A214-A18C-469D-9ED2-507AFF4C72AF}.Debug|x64.Build.0 = Debug|x64
		{8289A214-A18C-469D-9ED2-507AFF4C72AF}.Debug|x86.ActiveCfg = Debug|Win32
		{8289A214-A18C-469D-9ED2-507AFF4C72AF}.Debug|x86.Build.0 = Debug|Win32
		{8289A214-A18C-469D-9ED2-507AFF4C72AF}.Release_Static|x64.ActiveCfg = Release_Static|x64
		{8289A214-A18C-469D-9ED2-507AFF4C72AF}.Release_Static|x64.Build.0 = Release_Static|x64
		{8289A214-A18C-469D-9ED2-507AFF4C72AF}.Release_Static|x86.ActiveCfg = Release_Static|Win32
		{8289A214-A18C-469D-9ED2-507AFF4C72AF}.Release_Static|x86.Build.0 = Release_Static|Win32
		{8289A214-A18C-469D-9ED2-507AFF4C72AF}.Release|x64.ActiveCfg = Release|x64
		{8289A214-A18C-469D-9ED2-507AFF4C72AF}.Release|x64.Build.0 = Release|x64
		{8289A214-A18C-469D-9ED2-507AFF4C72AF}.Release|x86.ActiveCfg = Release|Win32
		{8289A214-A18C-469D-9ED2-507AFF4C72AF}.Release|x86.Build.0 = Release|Win32
		{6C3FEFB4-D8DD-4B43-ABC0-7D26AC933A3A}.Debug|x64.ActiveCfg = Debug|x64
		{6C3FEFB4-D8DD-4B43-ABC0-7D26AC933A3A}.Debug|x64.Build.0 = Debug|x64
		{6C3FEFB4-D8DD-4B43-ABC0-7D26AC933A3A}.Debug|x86.ActiveCfg = Debug|Win32
		{6C3FEFB4-D8DD-4B43-ABC0-7D26AC933A3A}.Debug|x86.Build.0 = Debug|Win32
		{6C3FEFB4-D8DD-4B43-ABC0-7D26AC933A3A}.Release_Static|x64.ActiveCfg = Release_Static|x64
		{6C3FEFB4-D8DD-4B43-ABC0-7D26AC933A3A}.Release_Static|x64.Build.0 = Release_Static|x64
		{6C3FEFB4-D8DD-4B43-ABC0-7D26AC933A3A}.Release_Static|x86.ActiveCfg = Release_Static|Win32
		{6C3FEFB4-D8DD-4B43-ABC0-7D26AC933A3A}.Release_Static|x86.Build.0 = Release_Static|Win32
		{6C3FEFB4-D8DD-4B43-ABC0-7D26AC933A3A}.Release|x64.ActiveCfg = Release|x64
		{6C3FEFB4-D8DD-4B43-ABC0-7D26AC933A3A}.Release|x64.Build.0 = Release|x64
		{6C3FEFB4-D8DD-4B43-ABC0-7D26AC933A3A}.Release|x86.ActiveCfg = Release|Win32
		{6C3FEFB4-D8DD-4B43-ABC0-7D26AC933A3A}.Release|x86.Build.0 = Release|Win32
		{5EE8BFFA-96A8-499B-9D8B-1A275B80C7E9}.Debug|x64.ActiveCfg = Debug|x64
		{5EE8BFFA-96A8-499B-9D8B-1A275B80C7E9}.Debug|x64.Build.0 = Debug|x64
		{5EE8BFFA-96A8-499B-9D8B-1A275B80C7E9}.Debug|x86.ActiveCfg = Debug|Win32
		{5EE8BFFA-96A8-499B-9D8B-1A275B80C7E9}.Debug|x86.Build.0 = Debug|Win32
		{5EE8BFFA-96A8-499B-9D8B-1A275B80C7E9}.Release_Static|x64.ActiveCfg = Release_Static|x64
		{5EE8BFFA-96A8-499B-9D8B-1A275B80C7E9}.Release_Static|x64.Build.0 = Release_Static|x64
		{5EE8BFFA-96A8-499B-9D8B-1A275B80C7E9}.Release_Static|x86.ActiveCfg = Release|Win32
		{5EE8BFFA-96A8-499B-9D8B-1A275B80C7E9}.Release_Static|x86.Build.0 = Release|Win32
		{5EE8BFFA-96A8-499B-9D8B-1A275B80C7E9}.Release|x64.ActiveCfg = Release|x64
		{5EE8BFFA-96A8-499B-9D8B-1A275B80C7E9}.Release|x64.Build.0 = Release|x64
		{5EE8BFFA-96A8-499B-9D8B-1A275B80C7E9}.Release|x86.ActiveCfg = Release|Win32
		{5EE8BFFA-96A8-499B-9D8B-1A275B80C7E9}.Release|x86.Build.0 = Release|Win32
		{05203E73-9BF1-45EE-A4B7-F1778701EC0F}.Debug|x64.ActiveCfg = Debug|x64
		{05203E73-9BF1-45EE-A4B7-F1778701EC0F}.Debug|x64.Build.0 = Debug|x64
		{05203E73-9BF1-45EE-A4B7-F1778701EC0F}.Debug|x86.ActiveCfg = Debug|Win32
		{05203E73-9BF1-45EE-A4B7-F1778701EC0F}.Debug|x86.Build.0 = Debug|Win32
		{05203E73-9BF1-45EE-A4B7-F1778701EC0F}.Release_Static|x64.ActiveCfg = Release_Static|x64
		{05203E73-9BF1-45EE-A4B7-F1778701EC0F}.Release_Static|x64.Build.0 = Release_Static|x64
		{05203E73-9BF1-45EE-A4B7-F1778701EC0F}.Release_Static|x86.ActiveCfg = Release|Win32
		{05203E73-9BF1-45EE-A4B7-F1778701EC0F}.Release_Static|x86.Build.0 = Release|Win32
		{05203E73-9BF1-45EE-A4B7-F1778701EC0F}.Release|x64.ActiveCfg = Release|x64
		{05203E73-9BF1-45EE-A4B7-F1778701EC0F}.Release|x64.Build.0 = Release|x64
		{05203E73-9BF1-45EE-A4B7-F1778701EC0F}.Release|x86.ActiveCfg = Release|Win32
		{05203E73-9BF1-45EE-A4B7-F1778701EC0F}.Release|x86.Build.0 = Release|Win32
		{2E15E37A-02A7-47CB-8450-A42B57E0ECFD}.Debug|x64.ActiveCfg = Debug|x64
		{2E15E37A-02A7-47CB-8450-A42B57E0ECFD}.Debug|x64.Build.0 = Debug|x64
		{2E15E37A-02A7-47CB-8450-A42B57E0ECFD}.Debug|x86.ActiveCfg = Debug|Win32
		{2E15E37A-02A7-47CB-8450-A42B57E0ECFD}.Debug|x86.Build.0 = Debug|Win32
		{2E15E37A-02A7-47CB-8450-A42B57E0ECFD}.Release_Static|x64.ActiveCfg = Release_Static|x64
		{2E15E37A-02A7-47CB-8450-A42B57E0ECFD}.Release_Static|x64.Build.0 = Release_Static|x64
		{2E15E37A-02A7-47CB-8450-A42B57E0ECFD}.Release_Static|x86.ActiveCfg = Release|Win32
		{2E15E37A-02A7-47CB-8450-A42B57E0ECFD}.Release_Static|x86.Build.0 = Release|Win32
		{2E15E37A-02A7-47CB-8450-A42B57E0ECFD}.Release|x64.ActiveCfg = Release|x64
		{2E15E37A-02A7-47CB-8450-A42B57E0ECFD}.Release|x64.Build.0 = Release|x64
		{2E15E37A-02A7-47CB-8450-A42B57E0ECFD}.Release|x86.ActiveCfg = Release|Win32
		{2E15E37A-02A7-47CB-8450-A42B57E0ECFD}.Release|x86.Build.0 = Release|Win32
		{FFB6BF71-1191-467B-8719-812818A083C2}.Debug|x64.ActiveCfg = Debug|x64
		{FFB6BF71-1191-467B-8719-812818A083C2}.Debug|x64.Build.0 = Debug|x64
		{FFB6BF71-1191-467B-8719-812818A083C2}.Debug|x86.ActiveCfg = Debug|Win32
		{FFB6BF71-1191-467B-8719-812818A083C2}.Debug|x86.Build.0 = Debug|Win32
		{FFB6BF71-1191-467B-8719-812818A083C2}.Release_Static|x64.ActiveCfg = Release_Static|x64
		{FFB6BF71-1191-467B-8719-812818A083C2}.Release_Static|x64.Build.0 = Release_Static|x64
		{FFB6BF71-1191-467B-8719-812818A083C2}.Release_Static|x86.ActiveCfg = Release|Win32
		{FFB6BF71-1191-467B-8719-812818A083C2}.Release_Static|x86.Build.0 = Release|Win32
		{FFB6BF71-1191-467B-8719-812818A083C2}.Release|x64.ActiveCfg = Release|x64
		{FFB6BF71-1191-467B-8719-812818A083C2}.Release|x64.Build.0 = Release|x64
		{FFB6BF71-1191-467B-8719-812818A083C2}.Release|x86.ActiveCfg = Release|Win32
		{FFB6BF71-1191-467B-8719-812818A083C2}.Release|x86.Build.0 = Release|Win32
		{CC6CF5CD-B7F1-48F4-986C-C7FBA6DD8698}.Debug|x64.ActiveCfg = Debug|x64
		{CC6CF5CD-B7F1-48F4-986C-C7FBA6DD8698}.Debug|x64.Build.0 = Debug|x64
		{CC6CF5CD-B7F1-48F4-986C-C7FBA6DD8698}.Debug|x86.ActiveCfg = Debug|Win32
		{CC6CF5CD-B7F1-48F4-986C-C7FBA6DD8698}.Debug|x86.Build.0 = Debug|Win32
		{CC6CF5CD-B7F1-48F4-986C-C7FBA6DD8698}.Release_Static|x64.ActiveCfg = Release_Static|x64
		{CC6CF5CD-B7F1-48F4-986C-C7FBA6DD8698}.Release_Static|x64.Build.0 = Release_Static|x64
		{CC6CF5CD-B7F1-48F4-986C-C7FBA6DD8698}.Release_Static|x86.ActiveCfg = Release|Win32
		{CC6CF5CD-B7F1-48F4-986C-C7FBA6DD8698}.Release_Static|x86.Build.0 = Release|Win32
		{CC6CF5CD-B7F1-48F4-986C-C7FBA6DD8698}.Release|x64.ActiveCfg = Release|x64
		{CC6CF5CD-B7F1-48F4-986C-C7FBA6DD8698}.Release|x64.Build.0 = Release|x64
		{CC6CF5CD-B7F1-48F4-986C-C7FBA6DD8698}.Release|x86.ActiveCfg = Release|Win32
		{CC6CF5CD-B7F1-48F4-986C-C7FBA6DD8698}.Release|x86.Build.0 = Release|Win32
		{FF9B3EEB-8DD2-4754-8437-A16DA898D43C}.Debug|x64.ActiveCfg = Debug|x64
		{FF9B3EEB-8DD2-4754-8437-A16DA898D43C}.Debug|x64.Build.0 = Debug|x64
		{FF9B3EEB-8DD2-4754-8437-A16DA898D43C}.Debug|x86.ActiveCfg = Debug|Win32
		{FF9B3EEB-8DD2-4754-8437-A16DA898D43C}.Debug|x86.Build.0 = Debug|Win32
		{FF9B3EEB-8DD2-4754-8437-A16DA898D43C}.Release_Static|x64.ActiveCfg = Release_Static|x64
		{FF9B3EEB-8DD2-4754-8437-A16DA898D43C}.Release_Static|x64.Build.0 = Release_Static|x64
		{FF9B3EEB-8DD2-4754-8437-A16DA898D43C}.Release_Static|x86.ActiveCfg = Release|Win32
		{FF9B3EEB-8DD2-4754-8437-A16DA898D43C}.Release_Static|x86.Build.0 = Release|Win32
		{FF9B3EEB-8DD2-4754-8437-A16DA898D43C}.Release|x64.ActiveCfg = Release|x64
		{FF9B3EEB-8DD2-4754-8437-A16DA898D43C}.Release|x64.Build.0 = Release|x64
		{FF9B3EEB-8DD2-4754-8437-A16DA898D43C}.Release|x86.ActiveCfg = Release|Win32
		{FF9B3EEB-8DD2-4754-8437-A16DA898D43C}.Release|x86.Build.0 = Release|Win32
		{B661C73B-41E7-476F-B446-4712B9102058}.Debug|x64.ActiveCfg = Debug|x64
		{B661C73B-41E7-476F-B446-4712B9102058}.Debug|x64.Build.0 = Debug|x64
		{B661C73B-41E7-476F-B446-4712B9102058}.Debug|x86.ActiveCfg = Debug|Win32
		{B661C73B-41E7-476F-B446-4712B9102058}.Debug|x86.Build.0 = Debug|Win32
		{B661C73B-41E7-476F-B446-4712B9102058}.Release_Static|x64.ActiveCfg = Release_Static|x64
		{B661C73B-41E7-476F-B446-4712B9102058}.Release_Static|x64.Build.0 = Release_Static|x64
		{B661C73B-41E7-476F-B446-4712B9102058}.Release_Static|x86.ActiveCfg = Release|Win32
		{B661C73B-41E7-476F-B446-4712B9102058}.Release_Static|x86.Build.0 = Release|Win32
		{B661C73B-41E7-476F-B446-4712B9102058}.Release|x64.ActiveCfg = Release|x64
		{B661C73B-41E7-476F-B446-4712B9102058}.Release|x64.Build.0 = Release|x64
		{B661C73B-41E7-476F-B446-4712B9102058}.Release|x86.ActiveCfg = Release|Win32
		{B661C73B-41E7-476F-B446-4712B9102058}.Release|x86.Build.0 = Release|Win32
		{8822A70C-273A-4BAF-97A0-D5F9F4722A9B}.Debug|x64.ActiveCfg = Debug|x64
		{8822A70C-273A-4BAF-97A0-D5F9F4722A9B}.Debug|x64.Build.0 = Debug|x64
		{8822A70C-273A-4BAF-97A0-D5F9F4722A9B}.Debug|x86.ActiveCfg = Debug|Win32
		{8822A70C-273A-4BAF-97A0-D5F9F4722A9B}.Debug|x86.Build.0 = Debug|Win32
		{8822A70C-273A-4BAF-97A0-D5F9F4722A9B}.Release_Static|x64.ActiveCfg = Release_Static|x64
		{8822A70C-273A-4BAF-97A0-D5F9F4722A9B}.Release_Static|x64.Build.0 = Release_Static|x64
		{8822A70C-273A-4BAF-97A0-D5F9F4722A9B}.Release_Static|x86.ActiveCfg = Release|Win32
		{8822A70C-273A-4BAF-97A0-D5F9F4722A9B}.Release_Static|x86.Build.0 = Release|Win32
		{8822A70C-273A-4BAF-97A0-D5F9F4722A9B}.Release|x64.ActiveCfg = Release|x64
		{8822A70C-273A-4BAF-97A0-D5F9F4722A9B}.Release|x64.Build.0 = Release|x64
		{8822A70C-273A-4BAF-97A0-D5F9F4722A9B}.Release|x86.ActiveCfg = Release|Win32
		{8822A70C-273A-4BAF-97A0-D5F9F4722A9B}.Release|x86.Build.0 = Release|Win32
		{3247F335-C13E-4C3B-ADE3-9972F31BE9CF}.Debug|x64.ActiveCfg = Debug|x64
		{3247F335-C13E-4C3B-ADE3-9972F31BE9CF}.Debug|x64.Build.0 = Debug|x64
		{3247F335-C13E-4C3B-ADE3-9972F31BE9CF}.Debug|x86.ActiveCfg = Debug|Win32
		{3247F335-C13E-4C3B-ADE3-9972F31BE9CF}.Debug|x86.Build.0 = Debug|Win32
		{3247F335-C13E-4C3B-ADE3-9972F31BE9CF}.Release_Static|x64.ActiveCfg = Release_Static|x64
		{3247F335-C13E-4C3B-ADE3-9972F31BE9CF}.Release_Static|x64.Build.0 = Release_Static|x64
		{3247F335-C13E-4C3B-ADE3-9972F31BE9CF}.Release_Static|x86.ActiveCfg = Release|Win32
		{3247F335-C13E-4C3B-ADE3-9972F31BE9CF}.Release_Static|x86.Build.0 = Release|Win32
		{3247F335-C13E-4C3B-ADE3-9972F31BE9CF}.Release|x64.ActiveCfg = Release|x64
		{3247F335-C13E-4C3B-ADE3-9972F31BE9CF}.Release|x64.Build.0 = Release|x64
		{3247F335-C13E-4C3B-ADE3-9972F31BE9CF}.Release|x86.ActiveCfg = Release|Win32
		{3247F335-C13E-4C3B-ADE3-9972F31BE9CF}.Release|x86.Build.0 = Release|Win32
	EndGlobalSection
	GlobalSection(SolutionProperties) = preSolution
		HideSolutionNode = FALSE
	EndGlobalSection
	GlobalSection(ExtensibilityGlobals) = postSolution
		SolutionGuid = {4D91B790-03F2-4F18-A87A-9995BA7C2EFF}
	EndGlobalSection
EndGlobal
