<?xml version="1.0" encoding="utf-8"?>
<Project ToolsVersion="4.0" xmlns="http://schemas.microsoft.com/developer/msbuild/2003">
  <ItemGroup>
    <Filter Include="Source Files">
      <UniqueIdentifier>{4FC737F1-C7A5-4376-A066-2A32D752A2FF}</UniqueIdentifier>
      <Extensions>cpp;c;cc;cxx;c++;cppm;ixx;def;odl;idl;hpj;bat;asm;asmx</Extensions>
    </Filter>
    <Filter Include="Header Files">
      <UniqueIdentifier>{93995380-89BD-4b04-88EB-625FBE52EBFB}</UniqueIdentifier>
      <Extensions>h;hh;hpp;hxx;h++;hm;inl;inc;ipp;xsd</Extensions>
    </Filter>
    <Filter Include="Resource Files">
      <UniqueIdentifier>{67DA6AB6-F800-4c08-8B7A-83BB121AAD01}</UniqueIdentifier>
      <Extensions>rc;ico;cur;bmp;dlg;rc2;rct;bin;rgs;gif;jpg;jpeg;jpe;resx;tiff;tif;png;wav;mfcribbon-ms</Extensions>
    </Filter>
    <Filter Include="Source Files\EBPro">
      <UniqueIdentifier>{f7cf23f7-2c86-4ce1-ab68-eabe2ba34f54}</UniqueIdentifier>
    </Filter>
    <Filter Include="Source Files\TRiLOGI">
      <UniqueIdentifier>{e2d57991-06f3-4b45-b7c1-5e14caf01ecb}</UniqueIdentifier>
    </Filter>
  </ItemGroup>
  <ItemGroup>
    <ClCompile Include="System.cpp">
      <Filter>Source Files</Filter>
    </ClCompile>
    <ClCompile Include="Convert.cpp">
      <Filter>Source Files</Filter>
    </ClCompile>
    <ClCompile Include="Address.cpp">
      <Filter>Source Files</Filter>
    </ClCompile>
    <ClCompile Include="EBPro_Address.cpp">
      <Filter>Source Files\EBPro</Filter>
    </ClCompile>
    <ClCompile Include="EBPro_AddressList.cpp">
      <Filter>Source Files\EBPro</Filter>
    </ClCompile>
    <ClCompile Include="EBPro_Label.cpp">
      <Filter>Source Files\EBPro</Filter>
    </ClCompile>
    <ClCompile Include="EBPro_LabelList.cpp">
      <Filter>Source Files\EBPro</Filter>
    </ClCompile>
    <ClCompile Include="EBPro_LabelState.cpp">
      <Filter>Source Files\EBPro</Filter>
    </ClCompile>
    <ClCompile Include="EBPro_Project.cpp">
      <Filter>Source Files\EBPro</Filter>
    </ClCompile>
    <ClCompile Include="TRiLOGI_BitList.cpp">
      <Filter>Source Files\TRiLOGI</Filter>
    </ClCompile>
    <ClCompile Include="TRiLOGI_Constant.cpp">
      <Filter>Source Files\TRiLOGI</Filter>
    </ClCompile>
    <ClCompile Include="TRiLOGI_ConstantList.cpp">
      <Filter>Source Files\TRiLOGI</Filter>
    </ClCompile>
    <ClCompile Include="TRiLOGI_Counter.cpp">
      <Filter>Source Files\TRiLOGI</Filter>
    </ClCompile>
    <ClCompile Include="TRiLOGI_CounterList.cpp">
      <Filter>Source Files\TRiLOGI</Filter>
    </ClCompile>
    <ClCompile Include="TRiLOGI_DefineList.cpp">
      <Filter>Source Files\TRiLOGI</Filter>
    </ClCompile>
    <ClCompile Include="TRiLOGI_Function.cpp">
      <Filter>Source Files\TRiLOGI</Filter>
    </ClCompile>
    <ClCompile Include="TRiLOGI_FunctionList.cpp">
      <Filter>Source Files\TRiLOGI</Filter>
    </ClCompile>
    <ClCompile Include="TRiLOGI_Object.cpp">
      <Filter>Source Files\TRiLOGI</Filter>
    </ClCompile>
    <ClCompile Include="TRiLOGI_ObjectList.cpp">
      <Filter>Source Files\TRiLOGI</Filter>
    </ClCompile>
    <ClCompile Include="TRiLOGI_Project.cpp">
      <Filter>Source Files\TRiLOGI</Filter>
    </ClCompile>
    <ClCompile Include="TRiLOGI_Timer.cpp">
      <Filter>Source Files\TRiLOGI</Filter>
    </ClCompile>
    <ClCompile Include="TRiLOGI_TimerList.cpp">
      <Filter>Source Files\TRiLOGI</Filter>
    </ClCompile>
    <ClCompile Include="TRiLOGI_Word.cpp">
      <Filter>Source Files\TRiLOGI</Filter>
    </ClCompile>
    <ClCompile Include="TRiLOGI_WordList.cpp">
      <Filter>Source Files\TRiLOGI</Filter>
    </ClCompile>
    <ClCompile Include="EBPro_FunctionList.cpp">
      <Filter>Source Files\EBPro</Filter>
    </ClCompile>
    <ClCompile Include="EBPro_DataPtr.cpp">
      <Filter>Source Files\EBPro</Filter>
    </ClCompile>
    <ClCompile Include="EBPro_Function.cpp">
      <Filter>Source Files\EBPro</Filter>
    </ClCompile>
    <ClCompile Include="EBPro_Software.cpp">
      <Filter>Source Files\EBPro</Filter>
    </ClCompile>
    <ClCompile Include="TRiLOGI_Software.cpp">
      <Filter>Source Files\TRiLOGI</Filter>
    </ClCompile>
    <ClCompile Include="Function.cpp">
      <Filter>Source Files</Filter>
    </ClCompile>
  </ItemGroup>
  <ItemGroup>
    <ClInclude Include="Convert.h">
      <Filter>Header Files</Filter>
    </ClInclude>
  </ItemGroup>
</Project>